
Microsoft Visual Studio Solution File, Format Version 12.00
# Visual Studio 15
VisualStudioVersion = 15.0.26730.10
MinimumVisualStudioVersion = 10.0.40219.1

Project("{6EC3EE1D-3C4E-46DD-8F32-0CC8E7565705}") = "SplitView", "SplitView\SplitView.fsproj", "{42F17CE3-AC94-4BD7-9CBB-817677EA77A6}"
EndProject

Project("{F2A71F9B-5D33-465A-A702-920D77279786}") = "SplitView.Android", "SplitView.Android\SplitView.Android.fsproj", "{8BBF24AD-4525-4E86-AF4E-B311BED36491}"
EndProject


Project("{F2A71F9B-5D33-465A-A702-920D77279786}") = "SplitView.iOS", "SplitView.iOS\SplitView.iOS.fsproj", "{E84F9D60-8E67-4474-B541-F393346779D5}"
EndProject




Global
	GlobalSection(SolutionConfigurationPlatforms) = preSolution
		Ad-Hoc|Any CPU = Ad-Hoc|Any CPU
		Ad-Hoc|ARM = Ad-Hoc|ARM
		Ad-Hoc|iPhone = Ad-Hoc|iPhone
		Ad-Hoc|iPhoneSimulator = Ad-Hoc|iPhoneSimulator
		Ad-Hoc|x64 = Ad-Hoc|x64
		Ad-Hoc|x86 = Ad-Hoc|x86
		AppStore|Any CPU = AppStore|Any CPU
		AppStore|ARM = AppStore|ARM
		AppStore|iPhone = AppStore|iPhone
		AppStore|iPhoneSimulator = AppStore|iPhoneSimulator
		AppStore|x64 = AppStore|x64
		AppStore|x86 = AppStore|x86
		Debug|Any CPU = Debug|Any CPU
		Debug|ARM = Debug|ARM
		Debug|iPhone = Debug|iPhone
		Debug|iPhoneSimulator = Debug|iPhoneSimulator
		Debug|x64 = Debug|x64
		Debug|x86 = Debug|x86
		Release|Any CPU = Release|Any CPU
		Release|ARM = Release|ARM
		Release|iPhone = Release|iPhone
		Release|iPhoneSimulator = Release|iPhoneSimulator
		Release|x64 = Release|x64
		Release|x86 = Release|x86
	EndGlobalSection
	GlobalSection(ProjectConfigurationPlatforms) = postSolution
		{42F17CE3-AC94-4BD7-9CBB-817677EA77A6}.Ad-Hoc|Any CPU.ActiveCfg = Debug|Any CPU
		{42F17CE3-AC94-4BD7-9CBB-817677EA77A6}.Ad-Hoc|Any CPU.Build.0 = Debug|Any CPU
		{42F17CE3-AC94-4BD7-9CBB-817677EA77A6}.Ad-Hoc|ARM.ActiveCfg = Debug|Any CPU
		{42F17CE3-AC94-4BD7-9CBB-817677EA77A6}.Ad-Hoc|ARM.Build.0 = Debug|Any CPU
		{42F17CE3-AC94-4BD7-9CBB-817677EA77A6}.Ad-Hoc|iPhone.ActiveCfg = Debug|Any CPU
		{42F17CE3-AC94-4BD7-9CBB-817677EA77A6}.Ad-Hoc|iPhone.Build.0 = Debug|Any CPU
		{42F17CE3-AC94-4BD7-9CBB-817677EA77A6}.Ad-Hoc|iPhoneSimulator.ActiveCfg = Debug|Any CPU
		{42F17CE3-AC94-4BD7-9CBB-817677EA77A6}.Ad-Hoc|iPhoneSimulator.Build.0 = Debug|Any CPU
		{42F17CE3-AC94-4BD7-9CBB-817677EA77A6}.Ad-Hoc|x64.ActiveCfg = Debug|Any CPU
		{42F17CE3-AC94-4BD7-9CBB-817677EA77A6}.Ad-Hoc|x64.Build.0 = Debug|Any CPU
		{42F17CE3-AC94-4BD7-9CBB-817677EA77A6}.Ad-Hoc|x86.ActiveCfg = Debug|Any CPU
		{42F17CE3-AC94-4BD7-9CBB-817677EA77A6}.Ad-Hoc|x86.Build.0 = Debug|Any CPU
		{42F17CE3-AC94-4BD7-9CBB-817677EA77A6}.AppStore|Any CPU.ActiveCfg = Debug|Any CPU
		{42F17CE3-AC94-4BD7-9CBB-817677EA77A6}.AppStore|Any CPU.Build.0 = Debug|Any CPU
		{42F17CE3-AC94-4BD7-9CBB-817677EA77A6}.AppStore|ARM.ActiveCfg = Debug|Any CPU
		{42F17CE3-AC94-4BD7-9CBB-817677EA77A6}.AppStore|ARM.Build.0 = Debug|Any CPU
		{42F17CE3-AC94-4BD7-9CBB-817677EA77A6}.AppStore|iPhone.ActiveCfg = Debug|Any CPU
		{42F17CE3-AC94-4BD7-9CBB-817677EA77A6}.AppStore|iPhone.Build.0 = Debug|Any CPU
		{42F17CE3-AC94-4BD7-9CBB-817677EA77A6}.AppStore|iPhoneSimulator.ActiveCfg = Debug|Any CPU
		{42F17CE3-AC94-4BD7-9CBB-817677EA77A6}.AppStore|iPhoneSimulator.Build.0 = Debug|Any CPU
		{42F17CE3-AC94-4BD7-9CBB-817677EA77A6}.AppStore|x64.ActiveCfg = Debug|Any CPU
		{42F17CE3-AC94-4BD7-9CBB-817677EA77A6}.AppStore|x64.Build.0 = Debug|Any CPU
		{42F17CE3-AC94-4BD7-9CBB-817677EA77A6}.AppStore|x86.ActiveCfg = Debug|Any CPU
		{42F17CE3-AC94-4BD7-9CBB-817677EA77A6}.AppStore|x86.Build.0 = Debug|Any CPU
		{42F17CE3-AC94-4BD7-9CBB-817677EA77A6}.Debug|Any CPU.ActiveCfg = Debug|Any CPU
		{42F17CE3-AC94-4BD7-9CBB-817677EA77A6}.Debug|Any CPU.Build.0 = Debug|Any CPU
		{42F17CE3-AC94-4BD7-9CBB-817677EA77A6}.Debug|ARM.ActiveCfg = Debug|Any CPU
		{42F17CE3-AC94-4BD7-9CBB-817677EA77A6}.Debug|ARM.Build.0 = Debug|Any CPU
		{42F17CE3-AC94-4BD7-9CBB-817677EA77A6}.Debug|iPhone.ActiveCfg = Debug|Any CPU
		{42F17CE3-AC94-4BD7-9CBB-817677EA77A6}.Debug|iPhone.Build.0 = Debug|Any CPU
		{42F17CE3-AC94-4BD7-9CBB-817677EA77A6}.Debug|iPhoneSimulator.ActiveCfg = Debug|Any CPU
		{42F17CE3-AC94-4BD7-9CBB-817677EA77A6}.Debug|iPhoneSimulator.Build.0 = Debug|Any CPU
		{42F17CE3-AC94-4BD7-9CBB-817677EA77A6}.Debug|x64.ActiveCfg = Debug|Any CPU
		{42F17CE3-AC94-4BD7-9CBB-817677EA77A6}.Debug|x64.Build.0 = Debug|Any CPU
		{42F17CE3-AC94-4BD7-9CBB-817677EA77A6}.Debug|x86.ActiveCfg = Debug|Any CPU
		{42F17CE3-AC94-4BD7-9CBB-817677EA77A6}.Debug|x86.Build.0 = Debug|Any CPU
		{42F17CE3-AC94-4BD7-9CBB-817677EA77A6}.Release|Any CPU.ActiveCfg = Release|Any CPU
		{42F17CE3-AC94-4BD7-9CBB-817677EA77A6}.Release|Any CPU.Build.0 = Release|Any CPU
		{42F17CE3-AC94-4BD7-9CBB-817677EA77A6}.Release|ARM.ActiveCfg = Release|Any CPU
		{42F17CE3-AC94-4BD7-9CBB-817677EA77A6}.Release|ARM.Build.0 = Release|Any CPU
		{42F17CE3-AC94-4BD7-9CBB-817677EA77A6}.Release|iPhone.ActiveCfg = Release|Any CPU
		{42F17CE3-AC94-4BD7-9CBB-817677EA77A6}.Release|iPhone.Build.0 = Release|Any CPU
		{42F17CE3-AC94-4BD7-9CBB-817677EA77A6}.Release|iPhoneSimulator.ActiveCfg = Release|Any CPU
		{42F17CE3-AC94-4BD7-9CBB-817677EA77A6}.Release|iPhoneSimulator.Build.0 = Release|Any CPU
		{42F17CE3-AC94-4BD7-9CBB-817677EA77A6}.Release|x64.ActiveCfg = Release|Any CPU
		{42F17CE3-AC94-4BD7-9CBB-817677EA77A6}.Release|x64.Build.0 = Release|Any CPU
		{42F17CE3-AC94-4BD7-9CBB-817677EA77A6}.Release|x86.ActiveCfg = Release|Any CPU
		{42F17CE3-AC94-4BD7-9CBB-817677EA77A6}.Release|x86.Build.0 = Release|Any CPU
		{E84F9D60-8E67-4474-B541-F393346779D5}.Ad-Hoc|Any CPU.ActiveCfg = Ad-Hoc|iPhone
		{E84F9D60-8E67-4474-B541-F393346779D5}.Ad-Hoc|ARM.ActiveCfg = Ad-Hoc|iPhone
		{E84F9D60-8E67-4474-B541-F393346779D5}.Ad-Hoc|iPhone.ActiveCfg = Ad-Hoc|iPhone
		{E84F9D60-8E67-4474-B541-F393346779D5}.Ad-Hoc|iPhone.Build.0 = Ad-Hoc|iPhone
		{E84F9D60-8E67-4474-B541-F393346779D5}.Ad-Hoc|iPhoneSimulator.ActiveCfg = Ad-Hoc|iPhoneSimulator
		{E84F9D60-8E67-4474-B541-F393346779D5}.Ad-Hoc|iPhoneSimulator.Build.0 = Ad-Hoc|iPhoneSimulator
		{E84F9D60-8E67-4474-B541-F393346779D5}.Ad-Hoc|x64.ActiveCfg = Ad-Hoc|iPhone
		{E84F9D60-8E67-4474-B541-F393346779D5}.Ad-Hoc|x86.ActiveCfg = Ad-Hoc|iPhone
		{E84F9D60-8E67-4474-B541-F393346779D5}.AppStore|Any CPU.ActiveCfg = AppStore|iPhone
		{E84F9D60-8E67-4474-B541-F393346779D5}.AppStore|ARM.ActiveCfg = AppStore|iPhone
		{E84F9D60-8E67-4474-B541-F393346779D5}.AppStore|iPhone.ActiveCfg = AppStore|iPhone
		{E84F9D60-8E67-4474-B541-F393346779D5}.AppStore|iPhone.Build.0 = AppStore|iPhone
		{E84F9D60-8E67-4474-B541-F393346779D5}.AppStore|iPhoneSimulator.ActiveCfg = AppStore|iPhoneSimulator
		{E84F9D60-8E67-4474-B541-F393346779D5}.AppStore|iPhoneSimulator.Build.0 = AppStore|iPhoneSimulator
		{E84F9D60-8E67-4474-B541-F393346779D5}.AppStore|x64.ActiveCfg = AppStore|iPhone
		{E84F9D60-8E67-4474-B541-F393346779D5}.AppStore|x86.ActiveCfg = AppStore|iPhone
		{E84F9D60-8E67-4474-B541-F393346779D5}.Debug|Any CPU.ActiveCfg = Debug|iPhone
		{E84F9D60-8E67-4474-B541-F393346779D5}.Debug|ARM.ActiveCfg = Debug|iPhone
		{E84F9D60-8E67-4474-B541-F393346779D5}.Debug|iPhone.ActiveCfg = Debug|iPhone
		{E84F9D60-8E67-4474-B541-F393346779D5}.Debug|iPhone.Build.0 = Debug|iPhone
		{E84F9D60-8E67-4474-B541-F393346779D5}.Debug|iPhoneSimulator.ActiveCfg = Debug|iPhoneSimulator
		{E84F9D60-8E67-4474-B541-F393346779D5}.Debug|iPhoneSimulator.Build.0 = Debug|iPhoneSimulator
		{E84F9D60-8E67-4474-B541-F393346779D5}.Debug|x64.ActiveCfg = Debug|iPhone
		{E84F9D60-8E67-4474-B541-F393346779D5}.Debug|x86.ActiveCfg = Debug|iPhone
		{E84F9D60-8E67-4474-B541-F393346779D5}.Release|Any CPU.ActiveCfg = Release|iPhone
		{E84F9D60-8E67-4474-B541-F393346779D5}.Release|ARM.ActiveCfg = Release|iPhone
		{E84F9D60-8E67-4474-B541-F393346779D5}.Release|iPhone.ActiveCfg = Release|iPhone
		{E84F9D60-8E67-4474-B541-F393346779D5}.Release|iPhone.Build.0 = Release|iPhone
		{E84F9D60-8E67-4474-B541-F393346779D5}.Release|iPhoneSimulator.ActiveCfg = Release|iPhoneSimulator
		{E84F9D60-8E67-4474-B541-F393346779D5}.Release|iPhoneSimulator.Build.0 = Release|iPhoneSimulator
		{E84F9D60-8E67-4474-B541-F393346779D5}.Release|x64.ActiveCfg = Release|iPhone
		{E84F9D60-8E67-4474-B541-F393346779D5}.Release|x86.ActiveCfg = Release|iPhone
		{9008CC62-4FDF-464C-AA1D-B3D22D0FB962}.Ad-Hoc|Any CPU.ActiveCfg = Release|x86
		{9008CC62-4FDF-464C-AA1D-B3D22D0FB962}.Ad-Hoc|Any CPU.Build.0 = Release|x86
		{9008CC62-4FDF-464C-AA1D-B3D22D0FB962}.Ad-Hoc|Any CPU.Deploy.0 = Release|x86
		{9008CC62-4FDF-464C-AA1D-B3D22D0FB962}.Ad-Hoc|ARM.ActiveCfg = Release|ARM
		{9008CC62-4FDF-464C-AA1D-B3D22D0FB962}.Ad-Hoc|ARM.Build.0 = Release|ARM
		{9008CC62-4FDF-464C-AA1D-B3D22D0FB962}.Ad-Hoc|ARM.Deploy.0 = Release|ARM
		{9008CC62-4FDF-464C-AA1D-B3D22D0FB962}.Ad-Hoc|iPhone.ActiveCfg = Release|x86
		{9008CC62-4FDF-464C-AA1D-B3D22D0FB962}.Ad-Hoc|iPhone.Build.0 = Release|x86
		{9008CC62-4FDF-464C-AA1D-B3D22D0FB962}.Ad-Hoc|iPhone.Deploy.0 = Release|x86
		{9008CC62-4FDF-464C-AA1D-B3D22D0FB962}.Ad-Hoc|iPhoneSimulator.ActiveCfg = Release|x86
		{9008CC62-4FDF-464C-AA1D-B3D22D0FB962}.Ad-Hoc|iPhoneSimulator.Build.0 = Release|x86
		{9008CC62-4FDF-464C-AA1D-B3D22D0FB962}.Ad-Hoc|iPhoneSimulator.Deploy.0 = Release|x86
		{9008CC62-4FDF-464C-AA1D-B3D22D0FB962}.Ad-Hoc|x64.ActiveCfg = Release|x64
		{9008CC62-4FDF-464C-AA1D-B3D22D0FB962}.Ad-Hoc|x64.Build.0 = Release|x64
		{9008CC62-4FDF-464C-AA1D-B3D22D0FB962}.Ad-Hoc|x64.Deploy.0 = Release|x64
		{9008CC62-4FDF-464C-AA1D-B3D22D0FB962}.Ad-Hoc|x86.ActiveCfg = Release|x86
		{9008CC62-4FDF-464C-AA1D-B3D22D0FB962}.Ad-Hoc|x86.Build.0 = Release|x86
		{9008CC62-4FDF-464C-AA1D-B3D22D0FB962}.Ad-Hoc|x86.Deploy.0 = Release|x86
		{9008CC62-4FDF-464C-AA1D-B3D22D0FB962}.AppStore|Any CPU.ActiveCfg = Release|x86
		{9008CC62-4FDF-464C-AA1D-B3D22D0FB962}.AppStore|Any CPU.Build.0 = Release|x86
		{9008CC62-4FDF-464C-AA1D-B3D22D0FB962}.AppStore|Any CPU.Deploy.0 = Release|x86
		{9008CC62-4FDF-464C-AA1D-B3D22D0FB962}.AppStore|ARM.ActiveCfg = Release|ARM
		{9008CC62-4FDF-464C-AA1D-B3D22D0FB962}.AppStore|ARM.Build.0 = Release|ARM
		{9008CC62-4FDF-464C-AA1D-B3D22D0FB962}.AppStore|ARM.Deploy.0 = Release|ARM
		{9008CC62-4FDF-464C-AA1D-B3D22D0FB962}.AppStore|iPhone.ActiveCfg = Release|x86
		{9008CC62-4FDF-464C-AA1D-B3D22D0FB962}.AppStore|iPhone.Build.0 = Release|x86
		{9008CC62-4FDF-464C-AA1D-B3D22D0FB962}.AppStore|iPhone.Deploy.0 = Release|x86
		{9008CC62-4FDF-464C-AA1D-B3D22D0FB962}.AppStore|iPhoneSimulator.ActiveCfg = Release|x86
		{9008CC62-4FDF-464C-AA1D-B3D22D0FB962}.AppStore|iPhoneSimulator.Build.0 = Release|x86
		{9008CC62-4FDF-464C-AA1D-B3D22D0FB962}.AppStore|iPhoneSimulator.Deploy.0 = Release|x86
		{9008CC62-4FDF-464C-AA1D-B3D22D0FB962}.AppStore|x64.ActiveCfg = Release|x64
		{9008CC62-4FDF-464C-AA1D-B3D22D0FB962}.AppStore|x64.Build.0 = Release|x64
		{9008CC62-4FDF-464C-AA1D-B3D22D0FB962}.AppStore|x64.Deploy.0 = Release|x64
		{9008CC62-4FDF-464C-AA1D-B3D22D0FB962}.AppStore|x86.ActiveCfg = Release|x86
		{9008CC62-4FDF-464C-AA1D-B3D22D0FB962}.AppStore|x86.Build.0 = Release|x86
		{9008CC62-4FDF-464C-AA1D-B3D22D0FB962}.AppStore|x86.Deploy.0 = Release|x86
		{9008CC62-4FDF-464C-AA1D-B3D22D0FB962}.Debug|Any CPU.ActiveCfg = Debug|x86
		{9008CC62-4FDF-464C-AA1D-B3D22D0FB962}.Debug|ARM.ActiveCfg = Debug|ARM
		{9008CC62-4FDF-464C-AA1D-B3D22D0FB962}.Debug|ARM.Build.0 = Debug|ARM
		{9008CC62-4FDF-464C-AA1D-B3D22D0FB962}.Debug|ARM.Deploy.0 = Debug|ARM
		{9008CC62-4FDF-464C-AA1D-B3D22D0FB962}.Debug|iPhone.ActiveCfg = Debug|x86
		{9008CC62-4FDF-464C-AA1D-B3D22D0FB962}.Debug|iPhoneSimulator.ActiveCfg = Debug|x86
		{9008CC62-4FDF-464C-AA1D-B3D22D0FB962}.Debug|x64.ActiveCfg = Debug|x64
		{9008CC62-4FDF-464C-AA1D-B3D22D0FB962}.Debug|x64.Build.0 = Debug|x64
		{9008CC62-4FDF-464C-AA1D-B3D22D0FB962}.Debug|x64.Deploy.0 = Debug|x64
		{9008CC62-4FDF-464C-AA1D-B3D22D0FB962}.Debug|x86.ActiveCfg = Debug|x86
		{9008CC62-4FDF-464C-AA1D-B3D22D0FB962}.Debug|x86.Build.0 = Debug|x86
		{9008CC62-4FDF-464C-AA1D-B3D22D0FB962}.Debug|x86.Deploy.0 = Debug|x86
		{9008CC62-4FDF-464C-AA1D-B3D22D0FB962}.Release|Any CPU.ActiveCfg = Release|x86
		{9008CC62-4FDF-464C-AA1D-B3D22D0FB962}.Release|ARM.ActiveCfg = Release|ARM
		{9008CC62-4FDF-464C-AA1D-B3D22D0FB962}.Release|ARM.Build.0 = Release|ARM
		{9008CC62-4FDF-464C-AA1D-B3D22D0FB962}.Release|ARM.Deploy.0 = Release|ARM
		{9008CC62-4FDF-464C-AA1D-B3D22D0FB962}.Release|iPhone.ActiveCfg = Release|x86
		{9008CC62-4FDF-464C-AA1D-B3D22D0FB962}.Release|iPhoneSimulator.ActiveCfg = Release|x86
		{9008CC62-4FDF-464C-AA1D-B3D22D0FB962}.Release|x64.ActiveCfg = Release|x64
		{9008CC62-4FDF-464C-AA1D-B3D22D0FB962}.Release|x64.Build.0 = Release|x64
		{9008CC62-4FDF-464C-AA1D-B3D22D0FB962}.Release|x64.Deploy.0 = Release|x64
		{9008CC62-4FDF-464C-AA1D-B3D22D0FB962}.Release|x86.ActiveCfg = Release|x86
		{9008CC62-4FDF-464C-AA1D-B3D22D0FB962}.Release|x86.Build.0 = Release|x86
		{9008CC62-4FDF-464C-AA1D-B3D22D0FB962}.Release|x86.Deploy.0 = Release|x86
		{4E41712A-5E19-43D9-8DDD-61DFF15021D5}.Ad-Hoc|Any CPU.ActiveCfg = Release|Any CPU
		{4E41712A-5E19-43D9-8DDD-61DFF15021D5}.Ad-Hoc|Any CPU.Build.0 = Release|Any CPU
		{4E41712A-5E19-43D9-8DDD-61DFF15021D5}.Ad-Hoc|ARM.ActiveCfg = Release|Any CPU
		{4E41712A-5E19-43D9-8DDD-61DFF15021D5}.Ad-Hoc|ARM.Build.0 = Release|Any CPU
		{4E41712A-5E19-43D9-8DDD-61DFF15021D5}.Ad-Hoc|iPhone.ActiveCfg = Release|Any CPU
		{4E41712A-5E19-43D9-8DDD-61DFF15021D5}.Ad-Hoc|iPhone.Build.0 = Release|Any CPU
		{4E41712A-5E19-43D9-8DDD-61DFF15021D5}.Ad-Hoc|iPhoneSimulator.ActiveCfg = Release|Any CPU
		{4E41712A-5E19-43D9-8DDD-61DFF15021D5}.Ad-Hoc|iPhoneSimulator.Build.0 = Release|Any CPU
		{4E41712A-5E19-43D9-8DDD-61DFF15021D5}.Ad-Hoc|x64.ActiveCfg = Release|Any CPU
		{4E41712A-5E19-43D9-8DDD-61DFF15021D5}.Ad-Hoc|x64.Build.0 = Release|Any CPU
		{4E41712A-5E19-43D9-8DDD-61DFF15021D5}.Ad-Hoc|x86.ActiveCfg = Release|Any CPU
		{4E41712A-5E19-43D9-8DDD-61DFF15021D5}.Ad-Hoc|x86.Build.0 = Release|Any CPU
		{4E41712A-5E19-43D9-8DDD-61DFF15021D5}.AppStore|Any CPU.ActiveCfg = Release|Any CPU
		{4E41712A-5E19-43D9-8DDD-61DFF15021D5}.AppStore|Any CPU.Build.0 = Release|Any CPU
		{4E41712A-5E19-43D9-8DDD-61DFF15021D5}.AppStore|ARM.ActiveCfg = Release|Any CPU
		{4E41712A-5E19-43D9-8DDD-61DFF15021D5}.AppStore|ARM.Build.0 = Release|Any CPU
		{4E41712A-5E19-43D9-8DDD-61DFF15021D5}.AppStore|iPhone.ActiveCfg = Release|Any CPU
		{4E41712A-5E19-43D9-8DDD-61DFF15021D5}.AppStore|iPhone.Build.0 = Release|Any CPU
		{4E41712A-5E19-43D9-8DDD-61DFF15021D5}.AppStore|iPhoneSimulator.ActiveCfg = Release|Any CPU
		{4E41712A-5E19-43D9-8DDD-61DFF15021D5}.AppStore|iPhoneSimulator.Build.0 = Release|Any CPU
		{4E41712A-5E19-43D9-8DDD-61DFF15021D5}.AppStore|x64.ActiveCfg = Release|Any CPU
		{4E41712A-5E19-43D9-8DDD-61DFF15021D5}.AppStore|x64.Build.0 = Release|Any CPU
		{4E41712A-5E19-43D9-8DDD-61DFF15021D5}.AppStore|x86.ActiveCfg = Release|Any CPU
		{4E41712A-5E19-43D9-8DDD-61DFF15021D5}.AppStore|x86.Build.0 = Release|Any CPU
		{4E41712A-5E19-43D9-8DDD-61DFF15021D5}.Debug|Any CPU.ActiveCfg = Debug|Any CPU
		{4E41712A-5E19-43D9-8DDD-61DFF15021D5}.Debug|Any CPU.Build.0 = Debug|Any CPU
		{4E41712A-5E19-43D9-8DDD-61DFF15021D5}.Debug|ARM.ActiveCfg = Debug|Any CPU
		{4E41712A-5E19-43D9-8DDD-61DFF15021D5}.Debug|ARM.Build.0 = Debug|Any CPU
		{4E41712A-5E19-43D9-8DDD-61DFF15021D5}.Debug|iPhone.ActiveCfg = Debug|Any CPU
		{4E41712A-5E19-43D9-8DDD-61DFF15021D5}.Debug|iPhone.Build.0 = Debug|Any CPU
		{4E41712A-5E19-43D9-8DDD-61DFF15021D5}.Debug|iPhoneSimulator.ActiveCfg = Debug|Any CPU
		{4E41712A-5E19-43D9-8DDD-61DFF15021D5}.Debug|iPhoneSimulator.Build.0 = Debug|Any CPU
		{4E41712A-5E19-43D9-8DDD-61DFF15021D5}.Debug|x64.ActiveCfg = Debug|Any CPU
		{4E41712A-5E19-43D9-8DDD-61DFF15021D5}.Debug|x64.Build.0 = Debug|Any CPU
		{4E41712A-5E19-43D9-8DDD-61DFF15021D5}.Debug|x86.ActiveCfg = Debug|Any CPU
		{4E41712A-5E19-43D9-8DDD-61DFF15021D5}.Debug|x86.Build.0 = Debug|Any CPU
		{4E41712A-5E19-43D9-8DDD-61DFF15021D5}.Release|Any CPU.ActiveCfg = Release|Any CPU
		{4E41712A-5E19-43D9-8DDD-61DFF15021D5}.Release|Any CPU.Build.0 = Release|Any CPU
		{4E41712A-5E19-43D9-8DDD-61DFF15021D5}.Release|ARM.ActiveCfg = Release|Any CPU
		{4E41712A-5E19-43D9-8DDD-61DFF15021D5}.Release|ARM.Build.0 = Release|Any CPU
		{4E41712A-5E19-43D9-8DDD-61DFF15021D5}.Release|iPhone.ActiveCfg = Release|Any CPU
		{4E41712A-5E19-43D9-8DDD-61DFF15021D5}.Release|iPhone.Build.0 = Release|Any CPU
		{4E41712A-5E19-43D9-8DDD-61DFF15021D5}.Release|iPhoneSimulator.ActiveCfg = Release|Any CPU
		{4E41712A-5E19-43D9-8DDD-61DFF15021D5}.Release|iPhoneSimulator.Build.0 = Release|Any CPU
		{4E41712A-5E19-43D9-8DDD-61DFF15021D5}.Release|x64.ActiveCfg = Release|Any CPU
		{4E41712A-5E19-43D9-8DDD-61DFF15021D5}.Release|x64.Build.0 = Release|Any CPU
		{4E41712A-5E19-43D9-8DDD-61DFF15021D5}.Release|x86.ActiveCfg = Release|Any CPU
		{4E41712A-5E19-43D9-8DDD-61DFF15021D5}.Release|x86.Build.0 = Release|Any CPU
		{F385354F-516D-4F99-BF31-1E5F9C5FFEAF}.Ad-Hoc|Any CPU.ActiveCfg = Release|Any CPU
		{F385354F-516D-4F99-BF31-1E5F9C5FFEAF}.Ad-Hoc|Any CPU.Build.0 = Release|Any CPU
		{F385354F-516D-4F99-BF31-1E5F9C5FFEAF}.Ad-Hoc|ARM.ActiveCfg = Release|Any CPU
		{F385354F-516D-4F99-BF31-1E5F9C5FFEAF}.Ad-Hoc|ARM.Build.0 = Release|Any CPU
		{F385354F-516D-4F99-BF31-1E5F9C5FFEAF}.Ad-Hoc|iPhone.ActiveCfg = Release|Any CPU
		{F385354F-516D-4F99-BF31-1E5F9C5FFEAF}.Ad-Hoc|iPhone.Build.0 = Release|Any CPU
		{F385354F-516D-4F99-BF31-1E5F9C5FFEAF}.Ad-Hoc|iPhoneSimulator.ActiveCfg = Release|Any CPU
		{F385354F-516D-4F99-BF31-1E5F9C5FFEAF}.Ad-Hoc|iPhoneSimulator.Build.0 = Release|Any CPU
		{F385354F-516D-4F99-BF31-1E5F9C5FFEAF}.Ad-Hoc|x64.ActiveCfg = Release|Any CPU
		{F385354F-516D-4F99-BF31-1E5F9C5FFEAF}.Ad-Hoc|x64.Build.0 = Release|Any CPU
		{F385354F-516D-4F99-BF31-1E5F9C5FFEAF}.Ad-Hoc|x86.ActiveCfg = Release|Any CPU
		{F385354F-516D-4F99-BF31-1E5F9C5FFEAF}.Ad-Hoc|x86.Build.0 = Release|Any CPU
		{F385354F-516D-4F99-BF31-1E5F9C5FFEAF}.AppStore|Any CPU.ActiveCfg = Release|Any CPU
		{F385354F-516D-4F99-BF31-1E5F9C5FFEAF}.AppStore|Any CPU.Build.0 = Release|Any CPU
		{F385354F-516D-4F99-BF31-1E5F9C5FFEAF}.AppStore|ARM.ActiveCfg = Release|Any CPU
		{F385354F-516D-4F99-BF31-1E5F9C5FFEAF}.AppStore|ARM.Build.0 = Release|Any CPU
		{F385354F-516D-4F99-BF31-1E5F9C5FFEAF}.AppStore|iPhone.ActiveCfg = Release|Any CPU
		{F385354F-516D-4F99-BF31-1E5F9C5FFEAF}.AppStore|iPhone.Build.0 = Release|Any CPU
		{F385354F-516D-4F99-BF31-1E5F9C5FFEAF}.AppStore|iPhoneSimulator.ActiveCfg = Release|Any CPU
		{F385354F-516D-4F99-BF31-1E5F9C5FFEAF}.AppStore|iPhoneSimulator.Build.0 = Release|Any CPU
		{F385354F-516D-4F99-BF31-1E5F9C5FFEAF}.AppStore|x64.ActiveCfg = Release|Any CPU
		{F385354F-516D-4F99-BF31-1E5F9C5FFEAF}.AppStore|x64.Build.0 = Release|Any CPU
		{F385354F-516D-4F99-BF31-1E5F9C5FFEAF}.AppStore|x86.ActiveCfg = Release|Any CPU
		{F385354F-516D-4F99-BF31-1E5F9C5FFEAF}.AppStore|x86.Build.0 = Release|Any CPU
		{F385354F-516D-4F99-BF31-1E5F9C5FFEAF}.Debug|Any CPU.ActiveCfg = Debug|Any CPU
		{F385354F-516D-4F99-BF31-1E5F9C5FFEAF}.Debug|Any CPU.Build.0 = Debug|Any CPU
		{F385354F-516D-4F99-BF31-1E5F9C5FFEAF}.Debug|ARM.ActiveCfg = Debug|Any CPU
		{F385354F-516D-4F99-BF31-1E5F9C5FFEAF}.Debug|ARM.Build.0 = Debug|Any CPU
		{F385354F-516D-4F99-BF31-1E5F9C5FFEAF}.Debug|iPhone.ActiveCfg = Debug|Any CPU
		{F385354F-516D-4F99-BF31-1E5F9C5FFEAF}.Debug|iPhone.Build.0 = Debug|Any CPU
		{F385354F-516D-4F99-BF31-1E5F9C5FFEAF}.Debug|iPhoneSimulator.ActiveCfg = Debug|Any CPU
		{F385354F-516D-4F99-BF31-1E5F9C5FFEAF}.Debug|iPhoneSimulator.Build.0 = Debug|Any CPU
		{F385354F-516D-4F99-BF31-1E5F9C5FFEAF}.Debug|x64.ActiveCfg = Debug|Any CPU
		{F385354F-516D-4F99-BF31-1E5F9C5FFEAF}.Debug|x64.Build.0 = Debug|Any CPU
		{F385354F-516D-4F99-BF31-1E5F9C5FFEAF}.Debug|x86.ActiveCfg = Debug|Any CPU
		{F385354F-516D-4F99-BF31-1E5F9C5FFEAF}.Debug|x86.Build.0 = Debug|Any CPU
		{F385354F-516D-4F99-BF31-1E5F9C5FFEAF}.Release|Any CPU.ActiveCfg = Release|Any CPU
		{F385354F-516D-4F99-BF31-1E5F9C5FFEAF}.Release|Any CPU.Build.0 = Release|Any CPU
		{F385354F-516D-4F99-BF31-1E5F9C5FFEAF}.Release|ARM.ActiveCfg = Release|Any CPU
		{F385354F-516D-4F99-BF31-1E5F9C5FFEAF}.Release|ARM.Build.0 = Release|Any CPU
		{F385354F-516D-4F99-BF31-1E5F9C5FFEAF}.Release|iPhone.ActiveCfg = Release|Any CPU
		{F385354F-516D-4F99-BF31-1E5F9C5FFEAF}.Release|iPhone.Build.0 = Release|Any CPU
		{F385354F-516D-4F99-BF31-1E5F9C5FFEAF}.Release|iPhoneSimulator.ActiveCfg = Release|Any CPU
		{F385354F-516D-4F99-BF31-1E5F9C5FFEAF}.Release|iPhoneSimulator.Build.0 = Release|Any CPU
		{F385354F-516D-4F99-BF31-1E5F9C5FFEAF}.Release|x64.ActiveCfg = Release|Any CPU
		{F385354F-516D-4F99-BF31-1E5F9C5FFEAF}.Release|x64.Build.0 = Release|Any CPU
		{F385354F-516D-4F99-BF31-1E5F9C5FFEAF}.Release|x86.ActiveCfg = Release|Any CPU
		{F385354F-516D-4F99-BF31-1E5F9C5FFEAF}.Release|x86.Build.0 = Release|Any CPU
		{8BBF24AD-4525-4E86-AF4E-B311BED36491}.Ad-Hoc|Any CPU.ActiveCfg = Release|Any CPU
		{8BBF24AD-4525-4E86-AF4E-B311BED36491}.Ad-Hoc|Any CPU.Build.0 = Release|Any CPU
		{8BBF24AD-4525-4E86-AF4E-B311BED36491}.Ad-Hoc|ARM.ActiveCfg = Release|Any CPU
		{8BBF24AD-4525-4E86-AF4E-B311BED36491}.Ad-Hoc|ARM.Build.0 = Release|Any CPU
		{8BBF24AD-4525-4E86-AF4E-B311BED36491}.Ad-Hoc|iPhone.ActiveCfg = Release|Any CPU
		{8BBF24AD-4525-4E86-AF4E-B311BED36491}.Ad-Hoc|iPhone.Build.0 = Release|Any CPU
		{8BBF24AD-4525-4E86-AF4E-B311BED36491}.Ad-Hoc|iPhoneSimulator.ActiveCfg = Release|Any CPU
		{8BBF24AD-4525-4E86-AF4E-B311BED36491}.Ad-Hoc|iPhoneSimulator.Build.0 = Release|Any CPU
		{8BBF24AD-4525-4E86-AF4E-B311BED36491}.Ad-Hoc|x64.ActiveCfg = Release|Any CPU
		{8BBF24AD-4525-4E86-AF4E-B311BED36491}.Ad-Hoc|x64.Build.0 = Release|Any CPU
		{8BBF24AD-4525-4E86-AF4E-B311BED36491}.Ad-Hoc|x86.ActiveCfg = Release|Any CPU
		{8BBF24AD-4525-4E86-AF4E-B311BED36491}.Ad-Hoc|x86.Build.0 = Release|Any CPU
		{8BBF24AD-4525-4E86-AF4E-B311BED36491}.AppStore|Any CPU.ActiveCfg = Release|Any CPU
		{8BBF24AD-4525-4E86-AF4E-B311BED36491}.AppStore|Any CPU.Build.0 = Release|Any CPU
		{8BBF24AD-4525-4E86-AF4E-B311BED36491}.AppStore|ARM.ActiveCfg = Release|Any CPU
		{8BBF24AD-4525-4E86-AF4E-B311BED36491}.AppStore|ARM.Build.0 = Release|Any CPU
		{8BBF24AD-4525-4E86-AF4E-B311BED36491}.AppStore|iPhone.ActiveCfg = Release|Any CPU
		{8BBF24AD-4525-4E86-AF4E-B311BED36491}.AppStore|iPhone.Build.0 = Release|Any CPU
		{8BBF24AD-4525-4E86-AF4E-B311BED36491}.AppStore|iPhoneSimulator.ActiveCfg = Release|Any CPU
		{8BBF24AD-4525-4E86-AF4E-B311BED36491}.AppStore|iPhoneSimulator.Build.0 = Release|Any CPU
		{8BBF24AD-4525-4E86-AF4E-B311BED36491}.AppStore|x64.ActiveCfg = Release|Any CPU
		{8BBF24AD-4525-4E86-AF4E-B311BED36491}.AppStore|x64.Build.0 = Release|Any CPU
		{8BBF24AD-4525-4E86-AF4E-B311BED36491}.AppStore|x86.ActiveCfg = Release|Any CPU
		{8BBF24AD-4525-4E86-AF4E-B311BED36491}.AppStore|x86.Build.0 = Release|Any CPU
		{8BBF24AD-4525-4E86-AF4E-B311BED36491}.Debug|Any CPU.ActiveCfg = Debug|Any CPU
		{8BBF24AD-4525-4E86-AF4E-B311BED36491}.Debug|Any CPU.Build.0 = Debug|Any CPU
		{8BBF24AD-4525-4E86-AF4E-B311BED36491}.Debug|Any CPU.Deploy.0 = Debug|Any CPU
		{8BBF24AD-4525-4E86-AF4E-B311BED36491}.Debug|ARM.ActiveCfg = Debug|Any CPU
		{8BBF24AD-4525-4E86-AF4E-B311BED36491}.Debug|ARM.Build.0 = Debug|Any CPU
		{8BBF24AD-4525-4E86-AF4E-B311BED36491}.Debug|iPhone.ActiveCfg = Debug|Any CPU
		{8BBF24AD-4525-4E86-AF4E-B311BED36491}.Debug|iPhone.Build.0 = Debug|Any CPU
		{8BBF24AD-4525-4E86-AF4E-B311BED36491}.Debug|iPhoneSimulator.ActiveCfg = Debug|Any CPU
		{8BBF24AD-4525-4E86-AF4E-B311BED36491}.Debug|iPhoneSimulator.Build.0 = Debug|Any CPU
		{8BBF24AD-4525-4E86-AF4E-B311BED36491}.Debug|x64.ActiveCfg = Debug|Any CPU
		{8BBF24AD-4525-4E86-AF4E-B311BED36491}.Debug|x64.Build.0 = Debug|Any CPU
		{8BBF24AD-4525-4E86-AF4E-B311BED36491}.Debug|x86.ActiveCfg = Debug|Any CPU
		{8BBF24AD-4525-4E86-AF4E-B311BED36491}.Debug|x86.Build.0 = Debug|Any CPU
		{8BBF24AD-4525-4E86-AF4E-B311BED36491}.Release|Any CPU.ActiveCfg = Release|Any CPU
		{8BBF24AD-4525-4E86-AF4E-B311BED36491}.Release|Any CPU.Build.0 = Release|Any CPU
		{8BBF24AD-4525-4E86-AF4E-B311BED36491}.Release|Any CPU.Deploy.0 = Release|Any CPU
		{8BBF24AD-4525-4E86-AF4E-B311BED36491}.Release|ARM.ActiveCfg = Release|Any CPU
		{8BBF24AD-4525-4E86-AF4E-B311BED36491}.Release|ARM.Build.0 = Release|Any CPU
		{8BBF24AD-4525-4E86-AF4E-B311BED36491}.Release|iPhone.ActiveCfg = Release|Any CPU
		{8BBF24AD-4525-4E86-AF4E-B311BED36491}.Release|iPhone.Build.0 = Release|Any CPU
		{8BBF24AD-4525-4E86-AF4E-B311BED36491}.Release|iPhoneSimulator.ActiveCfg = Release|Any CPU
		{8BBF24AD-4525-4E86-AF4E-B311BED36491}.Release|iPhoneSimulator.Build.0 = Release|Any CPU
		{8BBF24AD-4525-4E86-AF4E-B311BED36491}.Release|x64.ActiveCfg = Release|Any CPU
		{8BBF24AD-4525-4E86-AF4E-B311BED36491}.Release|x64.Build.0 = Release|Any CPU
		{8BBF24AD-4525-4E86-AF4E-B311BED36491}.Release|x86.ActiveCfg = Release|Any CPU
		{8BBF24AD-4525-4E86-AF4E-B311BED36491}.Release|x86.Build.0 = Release|Any CPU
		{D4C7846D-6ADD-4FB1-8C2E-B26D7F76EFB6}.Ad-Hoc|Any CPU.ActiveCfg = Release|Any CPU
		{D4C7846D-6ADD-4FB1-8C2E-B26D7F76EFB6}.Ad-Hoc|Any CPU.Build.0 = Release|Any CPU
		{D4C7846D-6ADD-4FB1-8C2E-B26D7F76EFB6}.Ad-Hoc|ARM.ActiveCfg = Release|Any CPU
		{D4C7846D-6ADD-4FB1-8C2E-B26D7F76EFB6}.Ad-Hoc|ARM.Build.0 = Release|Any CPU
		{D4C7846D-6ADD-4FB1-8C2E-B26D7F76EFB6}.Ad-Hoc|iPhone.ActiveCfg = Release|Any CPU
		{D4C7846D-6ADD-4FB1-8C2E-B26D7F76EFB6}.Ad-Hoc|iPhone.Build.0 = Release|Any CPU
		{D4C7846D-6ADD-4FB1-8C2E-B26D7F76EFB6}.Ad-Hoc|iPhoneSimulator.ActiveCfg = Release|Any CPU
		{D4C7846D-6ADD-4FB1-8C2E-B26D7F76EFB6}.Ad-Hoc|iPhoneSimulator.Build.0 = Release|Any CPU
		{D4C7846D-6ADD-4FB1-8C2E-B26D7F76EFB6}.Ad-Hoc|x64.ActiveCfg = Release|Any CPU
		{D4C7846D-6ADD-4FB1-8C2E-B26D7F76EFB6}.Ad-Hoc|x64.Build.0 = Release|Any CPU
		{D4C7846D-6ADD-4FB1-8C2E-B26D7F76EFB6}.Ad-Hoc|x86.ActiveCfg = Release|Any CPU
		{D4C7846D-6ADD-4FB1-8C2E-B26D7F76EFB6}.Ad-Hoc|x86.Build.0 = Release|Any CPU
		{D4C7846D-6ADD-4FB1-8C2E-B26D7F76EFB6}.AppStore|Any CPU.ActiveCfg = Release|Any CPU
		{D4C7846D-6ADD-4FB1-8C2E-B26D7F76EFB6}.AppStore|Any CPU.Build.0 = Release|Any CPU
		{D4C7846D-6ADD-4FB1-8C2E-B26D7F76EFB6}.AppStore|ARM.ActiveCfg = Release|Any CPU
		{D4C7846D-6ADD-4FB1-8C2E-B26D7F76EFB6}.AppStore|ARM.Build.0 = Release|Any CPU
		{D4C7846D-6ADD-4FB1-8C2E-B26D7F76EFB6}.AppStore|iPhone.ActiveCfg = Release|Any CPU
		{D4C7846D-6ADD-4FB1-8C2E-B26D7F76EFB6}.AppStore|iPhone.Build.0 = Release|Any CPU
		{D4C7846D-6ADD-4FB1-8C2E-B26D7F76EFB6}.AppStore|iPhoneSimulator.ActiveCfg = Release|Any CPU
		{D4C7846D-6ADD-4FB1-8C2E-B26D7F76EFB6}.AppStore|iPhoneSimulator.Build.0 = Release|Any CPU
		{D4C7846D-6ADD-4FB1-8C2E-B26D7F76EFB6}.AppStore|x64.ActiveCfg = Release|Any CPU
		{D4C7846D-6ADD-4FB1-8C2E-B26D7F76EFB6}.AppStore|x64.Build.0 = Release|Any CPU
		{D4C7846D-6ADD-4FB1-8C2E-B26D7F76EFB6}.AppStore|x86.ActiveCfg = Release|Any CPU
		{D4C7846D-6ADD-4FB1-8C2E-B26D7F76EFB6}.AppStore|x86.Build.0 = Release|Any CPU
		{D4C7846D-6ADD-4FB1-8C2E-B26D7F76EFB6}.Debug|Any CPU.ActiveCfg = Debug|Any CPU
		{D4C7846D-6ADD-4FB1-8C2E-B26D7F76EFB6}.Debug|Any CPU.Build.0 = Debug|Any CPU
		{D4C7846D-6ADD-4FB1-8C2E-B26D7F76EFB6}.Debug|ARM.ActiveCfg = Debug|Any CPU
		{D4C7846D-6ADD-4FB1-8C2E-B26D7F76EFB6}.Debug|ARM.Build.0 = Debug|Any CPU
		{D4C7846D-6ADD-4FB1-8C2E-B26D7F76EFB6}.Debug|iPhone.ActiveCfg = Debug|Any CPU
		{D4C7846D-6ADD-4FB1-8C2E-B26D7F76EFB6}.Debug|iPhone.Build.0 = Debug|Any CPU
		{D4C7846D-6ADD-4FB1-8C2E-B26D7F76EFB6}.Debug|iPhoneSimulator.ActiveCfg = Debug|Any CPU
		{D4C7846D-6ADD-4FB1-8C2E-B26D7F76EFB6}.Debug|iPhoneSimulator.Build.0 = Debug|Any CPU
		{D4C7846D-6ADD-4FB1-8C2E-B26D7F76EFB6}.Debug|x64.ActiveCfg = Debug|Any CPU
		{D4C7846D-6ADD-4FB1-8C2E-B26D7F76EFB6}.Debug|x64.Build.0 = Debug|Any CPU
		{D4C7846D-6ADD-4FB1-8C2E-B26D7F76EFB6}.Debug|x86.ActiveCfg = Debug|Any CPU
		{D4C7846D-6ADD-4FB1-8C2E-B26D7F76EFB6}.Debug|x86.Build.0 = Debug|Any CPU
		{D4C7846D-6ADD-4FB1-8C2E-B26D7F76EFB6}.Release|Any CPU.ActiveCfg = Release|Any CPU
		{D4C7846D-6ADD-4FB1-8C2E-B26D7F76EFB6}.Release|Any CPU.Build.0 = Release|Any CPU
		{D4C7846D-6ADD-4FB1-8C2E-B26D7F76EFB6}.Release|ARM.ActiveCfg = Release|Any CPU
		{D4C7846D-6ADD-4FB1-8C2E-B26D7F76EFB6}.Release|ARM.Build.0 = Release|Any CPU
		{D4C7846D-6ADD-4FB1-8C2E-B26D7F76EFB6}.Release|iPhone.ActiveCfg = Release|Any CPU
		{D4C7846D-6ADD-4FB1-8C2E-B26D7F76EFB6}.Release|iPhone.Build.0 = Release|Any CPU
		{D4C7846D-6ADD-4FB1-8C2E-B26D7F76EFB6}.Release|iPhoneSimulator.ActiveCfg = Release|Any CPU
		{D4C7846D-6ADD-4FB1-8C2E-B26D7F76EFB6}.Release|iPhoneSimulator.Build.0 = Release|Any CPU
		{D4C7846D-6ADD-4FB1-8C2E-B26D7F76EFB6}.Release|x64.ActiveCfg = Release|Any CPU
		{D4C7846D-6ADD-4FB1-8C2E-B26D7F76EFB6}.Release|x64.Build.0 = Release|Any CPU
		{D4C7846D-6ADD-4FB1-8C2E-B26D7F76EFB6}.Release|x86.ActiveCfg = Release|Any CPU
		{D4C7846D-6ADD-4FB1-8C2E-B26D7F76EFB6}.Release|x86.Build.0 = Release|Any CPU
		{BC09AD4E-7D38-4CE0-912E-B04C8FD05C43}.Ad-Hoc|Any CPU.ActiveCfg = Release|x64
		{BC09AD4E-7D38-4CE0-912E-B04C8FD05C43}.Ad-Hoc|Any CPU.Build.0 = Release|x64
		{BC09AD4E-7D38-4CE0-912E-B04C8FD05C43}.Ad-Hoc|Any CPU.Deploy.0 = Release|x64
		{BC09AD4E-7D38-4CE0-912E-B04C8FD05C43}.Ad-Hoc|ARM.ActiveCfg = Release|ARM
		{BC09AD4E-7D38-4CE0-912E-B04C8FD05C43}.Ad-Hoc|ARM.Build.0 = Release|ARM
		{BC09AD4E-7D38-4CE0-912E-B04C8FD05C43}.Ad-Hoc|ARM.Deploy.0 = Release|ARM
		{BC09AD4E-7D38-4CE0-912E-B04C8FD05C43}.Ad-Hoc|ARM64.ActiveCfg = Release|ARM64
		{BC09AD4E-7D38-4CE0-912E-B04C8FD05C43}.Ad-Hoc|ARM64.Build.0 = Release|ARM64
		{BC09AD4E-7D38-4CE0-912E-B04C8FD05C43}.Ad-Hoc|ARM64.Deploy.0 = Release|ARM64
		{BC09AD4E-7D38-4CE0-912E-B04C8FD05C43}.Ad-Hoc|iPhone.ActiveCfg = Release|x64
		{BC09AD4E-7D38-4CE0-912E-B04C8FD05C43}.Ad-Hoc|iPhone.Build.0 = Release|x64
		{BC09AD4E-7D38-4CE0-912E-B04C8FD05C43}.Ad-Hoc|iPhone.Deploy.0 = Release|x64
		{BC09AD4E-7D38-4CE0-912E-B04C8FD05C43}.Ad-Hoc|iPhoneSimulator.ActiveCfg = Release|x64
		{BC09AD4E-7D38-4CE0-912E-B04C8FD05C43}.Ad-Hoc|iPhoneSimulator.Build.0 = Release|x64
		{BC09AD4E-7D38-4CE0-912E-B04C8FD05C43}.Ad-Hoc|iPhoneSimulator.Deploy.0 = Release|x64
		{BC09AD4E-7D38-4CE0-912E-B04C8FD05C43}.Ad-Hoc|x64.ActiveCfg = Release|x64
		{BC09AD4E-7D38-4CE0-912E-B04C8FD05C43}.Ad-Hoc|x64.Build.0 = Release|x64
		{BC09AD4E-7D38-4CE0-912E-B04C8FD05C43}.Ad-Hoc|x64.Deploy.0 = Release|x64
		{BC09AD4E-7D38-4CE0-912E-B04C8FD05C43}.Ad-Hoc|x86.ActiveCfg = Release|x86
		{BC09AD4E-7D38-4CE0-912E-B04C8FD05C43}.Ad-Hoc|x86.Build.0 = Release|x86
		{BC09AD4E-7D38-4CE0-912E-B04C8FD05C43}.Ad-Hoc|x86.Deploy.0 = Release|x86
		{BC09AD4E-7D38-4CE0-912E-B04C8FD05C43}.AppStore|Any CPU.ActiveCfg = Release|x64
		{BC09AD4E-7D38-4CE0-912E-B04C8FD05C43}.AppStore|Any CPU.Build.0 = Release|x64
		{BC09AD4E-7D38-4CE0-912E-B04C8FD05C43}.AppStore|Any CPU.Deploy.0 = Release|x64
		{BC09AD4E-7D38-4CE0-912E-B04C8FD05C43}.AppStore|ARM.ActiveCfg = Release|ARM
		{BC09AD4E-7D38-4CE0-912E-B04C8FD05C43}.AppStore|ARM.Build.0 = Release|ARM
		{BC09AD4E-7D38-4CE0-912E-B04C8FD05C43}.AppStore|ARM.Deploy.0 = Release|ARM
		{BC09AD4E-7D38-4CE0-912E-B04C8FD05C43}.AppStore|ARM64.ActiveCfg = Release|ARM64
		{BC09AD4E-7D38-4CE0-912E-B04C8FD05C43}.AppStore|ARM64.Build.0 = Release|ARM64
		{BC09AD4E-7D38-4CE0-912E-B04C8FD05C43}.AppStore|ARM64.Deploy.0 = Release|ARM64
		{BC09AD4E-7D38-4CE0-912E-B04C8FD05C43}.AppStore|iPhone.ActiveCfg = Release|x64
		{BC09AD4E-7D38-4CE0-912E-B04C8FD05C43}.AppStore|iPhone.Build.0 = Release|x64
		{BC09AD4E-7D38-4CE0-912E-B04C8FD05C43}.AppStore|iPhone.Deploy.0 = Release|x64
		{BC09AD4E-7D38-4CE0-912E-B04C8FD05C43}.AppStore|iPhoneSimulator.ActiveCfg = Release|x64
		{BC09AD4E-7D38-4CE0-912E-B04C8FD05C43}.AppStore|iPhoneSimulator.Build.0 = Release|x64
		{BC09AD4E-7D38-4CE0-912E-B04C8FD05C43}.AppStore|iPhoneSimulator.Deploy.0 = Release|x64
		{BC09AD4E-7D38-4CE0-912E-B04C8FD05C43}.AppStore|x64.ActiveCfg = Release|x64
		{BC09AD4E-7D38-4CE0-912E-B04C8FD05C43}.AppStore|x64.Build.0 = Release|x64
		{BC09AD4E-7D38-4CE0-912E-B04C8FD05C43}.AppStore|x64.Deploy.0 = Release|x64
		{BC09AD4E-7D38-4CE0-912E-B04C8FD05C43}.AppStore|x86.ActiveCfg = Release|x86
		{BC09AD4E-7D38-4CE0-912E-B04C8FD05C43}.AppStore|x86.Build.0 = Release|x86
		{BC09AD4E-7D38-4CE0-912E-B04C8FD05C43}.AppStore|x86.Deploy.0 = Release|x86
		{BC09AD4E-7D38-4CE0-912E-B04C8FD05C43}.Debug|Any CPU.ActiveCfg = Debug|x86
		{BC09AD4E-7D38-4CE0-912E-B04C8FD05C43}.Debug|ARM.ActiveCfg = Debug|ARM
		{BC09AD4E-7D38-4CE0-912E-B04C8FD05C43}.Debug|ARM.Build.0 = Debug|ARM
		{BC09AD4E-7D38-4CE0-912E-B04C8FD05C43}.Debug|ARM.Deploy.0 = Debug|ARM
		{BC09AD4E-7D38-4CE0-912E-B04C8FD05C43}.Debug|ARM64.ActiveCfg = Debug|ARM64
		{BC09AD4E-7D38-4CE0-912E-B04C8FD05C43}.Debug|ARM64.Build.0 = Debug|ARM64
		{BC09AD4E-7D38-4CE0-912E-B04C8FD05C43}.Debug|ARM64.Deploy.0 = Debug|ARM64
		{BC09AD4E-7D38-4CE0-912E-B04C8FD05C43}.Debug|iPhone.ActiveCfg = Debug|x86
		{BC09AD4E-7D38-4CE0-912E-B04C8FD05C43}.Debug|iPhoneSimulator.ActiveCfg = Debug|x86
		{BC09AD4E-7D38-4CE0-912E-B04C8FD05C43}.Debug|x64.ActiveCfg = Debug|x64
		{BC09AD4E-7D38-4CE0-912E-B04C8FD05C43}.Debug|x64.Build.0 = Debug|x64
		{BC09AD4E-7D38-4CE0-912E-B04C8FD05C43}.Debug|x64.Deploy.0 = Debug|x64
		{BC09AD4E-7D38-4CE0-912E-B04C8FD05C43}.Debug|x86.ActiveCfg = Debug|x86
		{BC09AD4E-7D38-4CE0-912E-B04C8FD05C43}.Debug|x86.Build.0 = Debug|x86
		{BC09AD4E-7D38-4CE0-912E-B04C8FD05C43}.Debug|x86.Deploy.0 = Debug|x86
		{BC09AD4E-7D38-4CE0-912E-B04C8FD05C43}.Release|Any CPU.ActiveCfg = Release|x86
		{BC09AD4E-7D38-4CE0-912E-B04C8FD05C43}.Release|ARM.ActiveCfg = Release|ARM
		{BC09AD4E-7D38-4CE0-912E-B04C8FD05C43}.Release|ARM.Build.0 = Release|ARM
		{BC09AD4E-7D38-4CE0-912E-B04C8FD05C43}.Release|ARM.Deploy.0 = Release|ARM
		{BC09AD4E-7D38-4CE0-912E-B04C8FD05C43}.Release|ARM64.ActiveCfg = Release|ARM64
		{BC09AD4E-7D38-4CE0-912E-B04C8FD05C43}.Release|ARM64.Build.0 = Release|ARM64
		{BC09AD4E-7D38-4CE0-912E-B04C8FD05C43}.Release|ARM64.Deploy.0 = Release|ARM64
		{BC09AD4E-7D38-4CE0-912E-B04C8FD05C43}.Release|iPhone.ActiveCfg = Release|x86
		{BC09AD4E-7D38-4CE0-912E-B04C8FD05C43}.Release|iPhoneSimulator.ActiveCfg = Release|x86
		{BC09AD4E-7D38-4CE0-912E-B04C8FD05C43}.Release|x64.ActiveCfg = Release|x64
		{BC09AD4E-7D38-4CE0-912E-B04C8FD05C43}.Release|x64.Build.0 = Release|x64
		{BC09AD4E-7D38-4CE0-912E-B04C8FD05C43}.Release|x64.Deploy.0 = Release|x64
		{BC09AD4E-7D38-4CE0-912E-B04C8FD05C43}.Release|x86.ActiveCfg = Release|x86
		{BC09AD4E-7D38-4CE0-912E-B04C8FD05C43}.Release|x86.Build.0 = Release|x86
		{BC09AD4E-7D38-4CE0-912E-B04C8FD05C43}.Release|x86.Deploy.0 = Release|x86
	EndGlobalSection
	GlobalSection(SolutionProperties) = preSolution
		HideSolutionNode = FALSE
	EndGlobalSection
	GlobalSection(ExtensibilityGlobals) = postSolution
		SolutionGuid = {F6D05029-56B8-4E45-AF2D-0E76295DDBA2}
	EndGlobalSection
EndGlobal
